
Microsoft Visual Studio Solution File, Format Version 12.00
# Visual Studio Version 16
VisualStudioVersion = 16.0.32106.194
MinimumVisualStudioVersion = 10.0.40219.1
Project("{FAE04EC0-301F-11D3-BF4B-00C04F79EFBC}") = "WpfApp18", "WpfApp18\WpfApp18.csproj", "{ABEC626E-7010-4F22-B1E9-A8DBDE26BDA1}"
EndProject
Global
	GlobalSection(SolutionConfigurationPlatforms) = preSolution
		Debug|Any CPU = Debug|Any CPU
		Release|Any CPU = Release|Any CPU
	EndGlobalSection
	GlobalSection(ProjectConfigurationPlatforms) = postSolution
		{ABEC626E-7010-4F22-B1E9-A8DBDE26BDA1}.Debug|Any CPU.ActiveCfg = Debug|Any CPU
		{ABEC626E-7010-4F22-B1E9-A8DBDE26BDA1}.Debug|Any CPU.Build.0 = Debug|Any CPU
		{ABEC626E-7010-4F22-B1E9-A8DBDE26BDA1}.Release|Any CPU.ActiveCfg = Release|Any CPU
		{ABEC626E-7010-4F22-B1E9-A8DBDE26BDA1}.Release|Any CPU.Build.0 = Release|Any CPU
	EndGlobalSection
	GlobalSection(SolutionProperties) = preSolution
		HideSolutionNode = FALSE
	EndGlobalSection
	GlobalSection(ExtensibilityGlobals) = postSolution
		SolutionGuid = {C1169697-E6C6-4393-B249-E8DEDC8B8115}
	EndGlobalSection
EndGlobal
